
Microsoft Visual Studio Solution File, Format Version 12.00
# Visual Studio Version 17
VisualStudioVersion = 17.3.32825.248
MinimumVisualStudioVersion = 10.0.40219.1
Project("{9A19103F-16F7-4668-BE54-9A1E7A4F7556}") = "WhereHaveYouBeen.API", "WhereHaveYouBeen.API\WhereHaveYouBeen.API.csproj", "{E9AC0A63-DBEF-46D5-A0FB-FD4A8503DF57}"
EndProject
Project("{54A90642-561A-4BB1-A94E-469ADEE60C69}") = "WhereHaveYouBeen.Site", "WhereHaveYouBeen.Site\WhereHaveYouBeen.Site.esproj", "{E32FF4B0-0943-46C2-A927-044D00D32351}"
EndProject
Global
	GlobalSection(SolutionConfigurationPlatforms) = preSolution
		Debug|Any CPU = Debug|Any CPU
		Release|Any CPU = Release|Any CPU
	EndGlobalSection
	GlobalSection(ProjectConfigurationPlatforms) = postSolution
		{E9AC0A63-DBEF-46D5-A0FB-FD4A8503DF57}.Debug|Any CPU.ActiveCfg = Debug|Any CPU
		{E9AC0A63-DBEF-46D5-A0FB-FD4A8503DF57}.Debug|Any CPU.Build.0 = Debug|Any CPU
		{E9AC0A63-DBEF-46D5-A0FB-FD4A8503DF57}.Release|Any CPU.ActiveCfg = Release|Any CPU
		{E9AC0A63-DBEF-46D5-A0FB-FD4A8503DF57}.Release|Any CPU.Build.0 = Release|Any CPU
		{E32FF4B0-0943-46C2-A927-044D00D32351}.Debug|Any CPU.ActiveCfg = Debug|Any CPU
		{E32FF4B0-0943-46C2-A927-044D00D32351}.Debug|Any CPU.Build.0 = Debug|Any CPU
		{E32FF4B0-0943-46C2-A927-044D00D32351}.Debug|Any CPU.Deploy.0 = Debug|Any CPU
		{E32FF4B0-0943-46C2-A927-044D00D32351}.Release|Any CPU.ActiveCfg = Release|Any CPU
		{E32FF4B0-0943-46C2-A927-044D00D32351}.Release|Any CPU.Build.0 = Release|Any CPU
		{E32FF4B0-0943-46C2-A927-044D00D32351}.Release|Any CPU.Deploy.0 = Release|Any CPU
	EndGlobalSection
	GlobalSection(SolutionProperties) = preSolution
		HideSolutionNode = FALSE
	EndGlobalSection
	GlobalSection(ExtensibilityGlobals) = postSolution
		SolutionGuid = {64845152-3674-46E1-B541-EFA825667B28}
	EndGlobalSection
EndGlobal
